{
    "_meta": {
        "hash": {
            "sha256": "331896aeb50a3da8b3271a33c2ed411e3d5a864d355850d2f717372efeda5f86"
        },
        "pipfile-spec": 6,
        "requires": {
            "python_version": "3.12"
        },
        "sources": [
            {
                "name": "pypi",
                "url": "https://pypi.org/simple",
                "verify_ssl": true
            }
        ]
    },
    "default": {
        "asgiref": {
            "hashes": [
                "sha256:a5ab6582236218e5ef1648f242fd9f10626cfd4de8dc377db215d5d5098e3142",
                "sha256:f3bba7092a48005b5f5bacd747d36ee4a5a61f4a269a6df590b43144355ebd2c"
            ],
            "markers": "python_version >= '3.9'",
            "version": "==3.9.1"
        },
        "django": {
            "hashes": [
                "sha256:42fdeaba6e6449d88d4f66de47871015097dc6f1b87910db00a91946295cfae4",
                "sha256:dafbfaf52c2f289bd65f4ab935791cb4fb9a198f2a5ba9faf35d7338a77e9803"
            ],
            "index": "pypi",
            "markers": "python_version >= '3.8'",
            "version": "==4.2.23"
        },
        "sqlparse": {
            "hashes": [
                "sha256:09f67787f56a0b16ecdbde1bfc7f5d9c3371ca683cfeaa8e6ff60b4807ec9272",
                "sha256:cf2196ed3418f3ba5de6af7e82c694a9fbdbfecccdfc72e281548517081f16ca"
            ],
            "markers": "python_version >= '3.8'",
            "version": "==0.5.3"
        }
    },
    "develop": {}
}
